
Microsoft Visual Studio Solution File, Format Version 12.00
# Visual Studio 15
VisualStudioVersion = 15.0.27004.2005
MinimumVisualStudioVersion = 10.0.40219.1
Project("{FAE04EC0-301F-11D3-BF4B-00C04F79EFBC}") = "VetryaBloodBowl", "VetryaBloodBowl\VetryaBloodBowl.csproj", "{8ECF32F3-7AEA-4CAA-B995-0954D15A29E0}"
EndProject
Global
	GlobalSection(SolutionConfigurationPlatforms) = preSolution
		Debug|Any CPU = Debug|Any CPU
		Release|Any CPU = Release|Any CPU
	EndGlobalSection
	GlobalSection(ProjectConfigurationPlatforms) = postSolution
		{8ECF32F3-7AEA-4CAA-B995-0954D15A29E0}.Debug|Any CPU.ActiveCfg = Debug|Any CPU
		{8ECF32F3-7AEA-4CAA-B995-0954D15A29E0}.Debug|Any CPU.Build.0 = Debug|Any CPU
		{8ECF32F3-7AEA-4CAA-B995-0954D15A29E0}.Release|Any CPU.ActiveCfg = Release|Any CPU
		{8ECF32F3-7AEA-4CAA-B995-0954D15A29E0}.Release|Any CPU.Build.0 = Release|Any CPU
	EndGlobalSection
	GlobalSection(SolutionProperties) = preSolution
		HideSolutionNode = FALSE
	EndGlobalSection
	GlobalSection(ExtensibilityGlobals) = postSolution
		SolutionGuid = {3B055A71-2D72-41E0-91A7-2BB117503709}
	EndGlobalSection
EndGlobal
